
Microsoft Visual Studio Solution File, Format Version 12.00
# Visual Studio Version 17
VisualStudioVersion = 17.0.31903.59
MinimumVisualStudioVersion = 10.0.40219.1
Project("{FAE04EC0-301F-11D3-BF4B-00C04F79EFBC}") = "GymManagement.Api", "GymManagement.Api\GymManagement.Api.csproj", "{384A8977-AEB0-4AF8-910A-E500E8A372E6}"
EndProject
Project("{FAE04EC0-301F-11D3-BF4B-00C04F79EFBC}") = "GymManagement.Application", "GymManagement.Application\GymManagement.Application.csproj", "{F36F03E4-949A-470B-9F24-6D07ECA42473}"
EndProject
Project("{FAE04EC0-301F-11D3-BF4B-00C04F79EFBC}") = "GymManagement.Domain", "GymManagement.Domain\GymManagement.Domain.csproj", "{EAF6BD2F-9B96-4EDA-9F6E-49A48129FB6C}"
EndProject
Project("{FAE04EC0-301F-11D3-BF4B-00C04F79EFBC}") = "GymManagement.Infrastructure", "GymManagement.Infrastructure\GymManagement.Infrastructure.csproj", "{DA6C0898-C03B-424B-9BFC-015120366C37}"
EndProject
Project("{FAE04EC0-301F-11D3-BF4B-00C04F79EFBC}") = "GymManagement.Contracts", "GymManagement.Contracts\GymManagement.Contracts.csproj", "{FD94C1C9-4463-4DE4-99C8-680B2D124562}"
EndProject
Global
	GlobalSection(SolutionConfigurationPlatforms) = preSolution
		Debug|Any CPU = Debug|Any CPU
		Release|Any CPU = Release|Any CPU
	EndGlobalSection
	GlobalSection(SolutionProperties) = preSolution
		HideSolutionNode = FALSE
	EndGlobalSection
	GlobalSection(ProjectConfigurationPlatforms) = postSolution
		{384A8977-AEB0-4AF8-910A-E500E8A372E6}.Debug|Any CPU.ActiveCfg = Debug|Any CPU
		{384A8977-AEB0-4AF8-910A-E500E8A372E6}.Debug|Any CPU.Build.0 = Debug|Any CPU
		{384A8977-AEB0-4AF8-910A-E500E8A372E6}.Release|Any CPU.ActiveCfg = Release|Any CPU
		{384A8977-AEB0-4AF8-910A-E500E8A372E6}.Release|Any CPU.Build.0 = Release|Any CPU
		{F36F03E4-949A-470B-9F24-6D07ECA42473}.Debug|Any CPU.ActiveCfg = Debug|Any CPU
		{F36F03E4-949A-470B-9F24-6D07ECA42473}.Debug|Any CPU.Build.0 = Debug|Any CPU
		{F36F03E4-949A-470B-9F24-6D07ECA42473}.Release|Any CPU.ActiveCfg = Release|Any CPU
		{F36F03E4-949A-470B-9F24-6D07ECA42473}.Release|Any CPU.Build.0 = Release|Any CPU
		{EAF6BD2F-9B96-4EDA-9F6E-49A48129FB6C}.Debug|Any CPU.ActiveCfg = Debug|Any CPU
		{EAF6BD2F-9B96-4EDA-9F6E-49A48129FB6C}.Debug|Any CPU.Build.0 = Debug|Any CPU
		{EAF6BD2F-9B96-4EDA-9F6E-49A48129FB6C}.Release|Any CPU.ActiveCfg = Release|Any CPU
		{EAF6BD2F-9B96-4EDA-9F6E-49A48129FB6C}.Release|Any CPU.Build.0 = Release|Any CPU
		{DA6C0898-C03B-424B-9BFC-015120366C37}.Debug|Any CPU.ActiveCfg = Debug|Any CPU
		{DA6C0898-C03B-424B-9BFC-015120366C37}.Debug|Any CPU.Build.0 = Debug|Any CPU
		{DA6C0898-C03B-424B-9BFC-015120366C37}.Release|Any CPU.ActiveCfg = Release|Any CPU
		{DA6C0898-C03B-424B-9BFC-015120366C37}.Release|Any CPU.Build.0 = Release|Any CPU
		{FD94C1C9-4463-4DE4-99C8-680B2D124562}.Debug|Any CPU.ActiveCfg = Debug|Any CPU
		{FD94C1C9-4463-4DE4-99C8-680B2D124562}.Debug|Any CPU.Build.0 = Debug|Any CPU
		{FD94C1C9-4463-4DE4-99C8-680B2D124562}.Release|Any CPU.ActiveCfg = Release|Any CPU
		{FD94C1C9-4463-4DE4-99C8-680B2D124562}.Release|Any CPU.Build.0 = Release|Any CPU
	EndGlobalSection
EndGlobal
